{
  "name": "startbootstrap-resume-gh-pages",
  "lockfileVersion": 3,
  "requires": true,
  "packages": {
    "": {
      "dependencies": {
        "fullpage.js": "^4.0.35"
      }
    },
    "node_modules/fullpage.js": {
      "version": "4.0.35",
      "resolved": "https://registry.npmjs.org/fullpage.js/-/fullpage.js-4.0.35.tgz",
      "integrity": "sha512-kER2zF32Ah402tgLVNa9Er+3l615a5jV6sZK2D7R8g1rivsiUejKZsIpyTdBi7h3YAx/FX1oFDUKGlM9sqrCbw==",
      "funding": [
        {
          "type": "GitHub Sponsors",
          "url": "https://github.com/sponsors/alvarotrigo"
        }
      ],
      "license": "GPL-3.0"
    }
  }
}
